
Microsoft Visual Studio Solution File, Format Version 12.00
# Visual Studio Version 16
VisualStudioVersion = 16.0.31005.135
MinimumVisualStudioVersion = 10.0.40219.1
Project("{FAE04EC0-301F-11D3-BF4B-00C04F79EFBC}") = "api_rest", "api_rest\api_rest.csproj", "{45AF0517-0773-4781-8E38-749F17AA84AA}"
EndProject
Global
	GlobalSection(SolutionConfigurationPlatforms) = preSolution
		Debug|Any CPU = Debug|Any CPU
		Release|Any CPU = Release|Any CPU
	EndGlobalSection
	GlobalSection(ProjectConfigurationPlatforms) = postSolution
		{45AF0517-0773-4781-8E38-749F17AA84AA}.Debug|Any CPU.ActiveCfg = Debug|Any CPU
		{45AF0517-0773-4781-8E38-749F17AA84AA}.Debug|Any CPU.Build.0 = Debug|Any CPU
		{45AF0517-0773-4781-8E38-749F17AA84AA}.Release|Any CPU.ActiveCfg = Release|Any CPU
		{45AF0517-0773-4781-8E38-749F17AA84AA}.Release|Any CPU.Build.0 = Release|Any CPU
	EndGlobalSection
	GlobalSection(SolutionProperties) = preSolution
		HideSolutionNode = FALSE
	EndGlobalSection
	GlobalSection(ExtensibilityGlobals) = postSolution
		SolutionGuid = {F3157244-A02C-4347-99AC-32E9FF5F8C95}
	EndGlobalSection
EndGlobal
